Microsoft Visual Studio Solution File, Format Version 11.00
# Visual Studio 2010
Project("{F184B08F-C81C-45F6-A57F-5ABD9991F28F}") = "DXDocking_FloatingPanels", "DXDocking_FloatingPanels\DXDocking_FloatingPanels.vbproj", "{7411F50A-797B-48DE-8C5E-3653711E8B91}"
EndProject
Global
	GlobalSection(SolutionConfigurationPlatforms) = preSolution
		Debug|Any CPU = Debug|Any CPU
		Release|Any CPU = Release|Any CPU
	EndGlobalSection
	GlobalSection(ProjectConfigurationPlatforms) = postSolution
		{7411F50A-797B-48DE-8C5E-3653711E8B91}.Debug|Any CPU.ActiveCfg = Debug|Any CPU
		{7411F50A-797B-48DE-8C5E-3653711E8B91}.Debug|Any CPU.Build.0 = Debug|Any CPU
		{7411F50A-797B-48DE-8C5E-3653711E8B91}.Release|Any CPU.ActiveCfg = Release|Any CPU
		{7411F50A-797B-48DE-8C5E-3653711E8B91}.Release|Any CPU.Build.0 = Release|Any CPU
	EndGlobalSection
	GlobalSection(SolutionProperties) = preSolution
		HideSolutionNode = FALSE
	EndGlobalSection
EndGlobal
